{
  "requires": true,
  "lockfileVersion": 1,
  "dependencies": {
    "vue-splitpane": {
      "version": "1.0.6",
      "resolved": "https://registry.npmjs.org/vue-splitpane/-/vue-splitpane-1.0.6.tgz",
      "integrity": "sha512-6sneVSEeF1VsCD025HP93nRxwzYhv3rotCeYi2Ah1FmGxwtfqbCZEIzaHGberdGNCpMlEzGD/1OIE1kK5QukLA=="
    }
  }
}
