{
  "name": "igf-agent",
  "version": "1.0.0",
  "lockfileVersion": 3,
  "requires": true,
  "packages": {
    "": {
      "name": "igf-agent",
      "version": "1.0.0",
      "dependencies": {
        "frida-java-bridge": "^7.0.10",
        "frida-objc-bridge": "^8.0.5"
      },
      "devDependencies": {
        "@types/frida-gum": "^18.8.2",
        "@types/node": "^18.14.0",
        "@typescript/native-preview": "7.0.0-dev.20251108.1"
      },
      "engines": {
        "node": ">=22.18.0"
      }
    },
    "node_modules/@types/frida-gum": {
      "version": "18.8.2",
      "resolved": "https://registry.npmjs.org/@types/frida-gum/-/frida-gum-18.8.2.tgz",
      "integrity": "sha512-5KH6ITrKJQe1UWrNnbXXx3KXRe/Lx9I1EwkBdC+AMmlo9F5UC0PxdC959aGxhfjXBRIHWxXwXPi3JmeWIbeqeg==",
      "dev": true,
      "license": "MIT"
    },
    "node_modules/@types/node": {
      "version": "18.19.130",
      "resolved": "https://registry.npmjs.org/@types/node/-/node-18.19.130.tgz",
      "integrity": "sha512-GRaXQx6jGfL8sKfaIDD6OupbIHBr9jv7Jnaml9tB7l4v068PAOXqfcujMMo5PhbIs6ggR1XODELqahT2R8v0fg==",
      "dev": true,
      "license": "MIT",
      "dependencies": {
        "undici-types": "~5.26.4"
      }
    },
    "node_modules/@typescript/native-preview": {
      "version": "7.0.0-dev.20251108.1",
      "resolved": "https://registry.npmjs.org/@typescript/native-preview/-/native-preview-7.0.0-dev.20251108.1.tgz",
      "integrity": "sha512-v1SNmHbuTYMEIAAJZ5OgKY5kMIgDnS/aVTsP9FdR9FgqyZqgUbA2eHOjjMQHVw/XBLS5ZA32kkGt7cH8RzMlOA==",
      "dev": true,
      "license": "Apache-2.0",
      "bin": {
        "tsgo": "bin/tsgo.js"
      },
      "optionalDependencies": {
        "@typescript/native-preview-darwin-arm64": "7.0.0-dev.20251108.1",
        "@typescript/native-preview-darwin-x64": "7.0.0-dev.20251108.1",
        "@typescript/native-preview-linux-arm": "7.0.0-dev.20251108.1",
        "@typescript/native-preview-linux-arm64": "7.0.0-dev.20251108.1",
        "@typescript/native-preview-linux-x64": "7.0.0-dev.20251108.1",
        "@typescript/native-preview-win32-arm64": "7.0.0-dev.20251108.1",
        "@typescript/native-preview-win32-x64": "7.0.0-dev.20251108.1"
      }
    },
    "node_modules/@typescript/native-preview-darwin-arm64": {
      "version": "7.0.0-dev.20251108.1",
      "resolved": "https://registry.npmjs.org/@typescript/native-preview-darwin-arm64/-/native-preview-darwin-arm64-7.0.0-dev.20251108.1.tgz",
      "integrity": "sha512-zdD59CWlvJum9hu7Rrb7xntGfkeTlki7Pql/s+Ls0sNSEGimjuJmU88ookUt2UMPLZ9S+RyGfjNbS7duhKuCIw==",
      "cpu": [
        "arm64"
      ],
      "dev": true,
      "license": "Apache-2.0",
      "optional": true,
      "os": [
        "darwin"
      ]
    },
    "node_modules/@typescript/native-preview-darwin-x64": {
      "version": "7.0.0-dev.20251108.1",
      "resolved": "https://registry.npmjs.org/@typescript/native-preview-darwin-x64/-/native-preview-darwin-x64-7.0.0-dev.20251108.1.tgz",
      "integrity": "sha512-nxs1vOm6jkwZoA56d6E2pllhYbxK2xNtspG2Yx9kswdp0aqh2jcja1EjMilHv4tnvNixRQvRWhoOz/BgWrxTig==",
      "cpu": [
        "x64"
      ],
      "dev": true,
      "license": "Apache-2.0",
      "optional": true,
      "os": [
        "darwin"
      ]
    },
    "node_modules/@typescript/native-preview-linux-arm": {
      "version": "7.0.0-dev.20251108.1",
      "resolved": "https://registry.npmjs.org/@typescript/native-preview-linux-arm/-/native-preview-linux-arm-7.0.0-dev.20251108.1.tgz",
      "integrity": "sha512-+1UuKod2SJZODnArwHViJEhZxgM1aHK5KCGlHJU61htq3jgNtRfouw4UEJRPTALCnGLun8ZpYuMsJUMeDFFIUQ==",
      "cpu": [
        "arm"
      ],
      "dev": true,
      "license": "Apache-2.0",
      "optional": true,
      "os": [
        "linux"
      ]
    },
    "node_modules/@typescript/native-preview-linux-arm64": {
      "version": "7.0.0-dev.20251108.1",
      "resolved": "https://registry.npmjs.org/@typescript/native-preview-linux-arm64/-/native-preview-linux-arm64-7.0.0-dev.20251108.1.tgz",
      "integrity": "sha512-Er0P4Dt6fBM6MZidGBKGZs5PS2QHunRPNeIKCATJRcBMn8ymSBdi/IJK/wYVU62HW8CLb1Dt3FbueW5UptSAKA==",
      "cpu": [
        "arm64"
      ],
      "dev": true,
      "license": "Apache-2.0",
      "optional": true,
      "os": [
        "linux"
      ]
    },
    "node_modules/@typescript/native-preview-linux-x64": {
      "version": "7.0.0-dev.20251108.1",
      "resolved": "https://registry.npmjs.org/@typescript/native-preview-linux-x64/-/native-preview-linux-x64-7.0.0-dev.20251108.1.tgz",
      "integrity": "sha512-3ijz+Uo8unENgq22nlyThf1JqhLVOwN881gomoAykALmspXX13aQwnDtbscnQRr1iQqMIrEyyRMwxfVevQkl9w==",
      "cpu": [
        "x64"
      ],
      "dev": true,
      "license": "Apache-2.0",
      "optional": true,
      "os": [
        "linux"
      ]
    },
    "node_modules/@typescript/native-preview-win32-arm64": {
      "version": "7.0.0-dev.20251108.1",
      "resolved": "https://registry.npmjs.org/@typescript/native-preview-win32-arm64/-/native-preview-win32-arm64-7.0.0-dev.20251108.1.tgz",
      "integrity": "sha512-Aeyrj7sdc6GBnLIw9o5dQPzEqrfsJodDYsi7RePm0QLvGVyxOeZVd9CcfdXqPKnD2goEJNOzFoTRyvvi7DjNUg==",
      "cpu": [
        "arm64"
      ],
      "dev": true,
      "license": "Apache-2.0",
      "optional": true,
      "os": [
        "win32"
      ]
    },
    "node_modules/@typescript/native-preview-win32-x64": {
      "version": "7.0.0-dev.20251108.1",
      "resolved": "https://registry.npmjs.org/@typescript/native-preview-win32-x64/-/native-preview-win32-x64-7.0.0-dev.20251108.1.tgz",
      "integrity": "sha512-rgfq7AZ7IFfE5EyDuHdpDEPUH3LEesyOVuIHE6YWOSqGOFnlzYbOf37VUYxQTIxFrR7IopgvM4pSDR3KeDcMjQ==",
      "cpu": [
        "x64"
      ],
      "dev": true,
      "license": "Apache-2.0",
      "optional": true,
      "os": [
        "win32"
      ]
    },
    "node_modules/frida-java-bridge": {
      "version": "7.0.10",
      "resolved": "https://registry.npmjs.org/frida-java-bridge/-/frida-java-bridge-7.0.10.tgz",
      "integrity": "sha512-AtjgAHE7a2wV6M/8tZvjVqda0T8YGmSoXqkbD0r1Eq6XTFDKYbClKbZqMYHpI9OjxtkIx+xPqkHWWE3+0fDH7w==",
      "license": "LGPL-2.0 WITH WxWindows-exception-3.1"
    },
    "node_modules/frida-objc-bridge": {
      "version": "8.0.5",
      "resolved": "https://registry.npmjs.org/frida-objc-bridge/-/frida-objc-bridge-8.0.5.tgz",
      "integrity": "sha512-0xnL0VgxSQXgLj3S33S0kdAvLrCHSCIZb9HVraEgEyKnf9wOcu0KZ9fI5xzx0e0y+ry/g2Vl3yw9j3dsn92Ffg==",
      "license": "LGPL-2.0 WITH WxWindows-exception-3.1"
    },
    "node_modules/undici-types": {
      "version": "5.26.5",
      "resolved": "https://registry.npmjs.org/undici-types/-/undici-types-5.26.5.tgz",
      "integrity": "sha512-JlCMO+ehdEIKqlFxk6IfVoAUVmgz7cU7zD/h9XZ0qzeosSHmUJVOzSQvvYSYWXkFXC+IfLKSIffhv0sVZup6pA==",
      "dev": true,
      "license": "MIT"
    }
  }
}
