{
  "name": "igf-agent",
  "version": "1.0.0",
  "lockfileVersion": 3,
  "requires": true,
  "packages": {
    "": {
      "name": "igf-agent",
      "version": "1.0.0",
      "dependencies": {
        "frida-java-bridge": "^7.0.10",
        "frida-objc-bridge": "^8.0.5"
      },
      "devDependencies": {
        "@types/frida-gum": "^18.8.2",
        "@types/node": "^18.14.0"
      }
    },
    "node_modules/@types/frida-gum": {
      "version": "18.8.2",
      "resolved": "https://registry.npmjs.org/@types/frida-gum/-/frida-gum-18.8.2.tgz",
      "integrity": "sha512-5KH6ITrKJQe1UWrNnbXXx3KXRe/Lx9I1EwkBdC+AMmlo9F5UC0PxdC959aGxhfjXBRIHWxXwXPi3JmeWIbeqeg==",
      "dev": true,
      "license": "MIT"
    },
    "node_modules/@types/node": {
      "version": "18.19.130",
      "resolved": "https://registry.npmjs.org/@types/node/-/node-18.19.130.tgz",
      "integrity": "sha512-GRaXQx6jGfL8sKfaIDD6OupbIHBr9jv7Jnaml9tB7l4v068PAOXqfcujMMo5PhbIs6ggR1XODELqahT2R8v0fg==",
      "dev": true,
      "license": "MIT",
      "dependencies": {
        "undici-types": "~5.26.4"
      }
    },
    "node_modules/frida-java-bridge": {
      "version": "7.0.10",
      "resolved": "https://registry.npmjs.org/frida-java-bridge/-/frida-java-bridge-7.0.10.tgz",
      "integrity": "sha512-AtjgAHE7a2wV6M/8tZvjVqda0T8YGmSoXqkbD0r1Eq6XTFDKYbClKbZqMYHpI9OjxtkIx+xPqkHWWE3+0fDH7w==",
      "license": "LGPL-2.0 WITH WxWindows-exception-3.1"
    },
    "node_modules/frida-objc-bridge": {
      "version": "8.0.5",
      "resolved": "https://registry.npmjs.org/frida-objc-bridge/-/frida-objc-bridge-8.0.5.tgz",
      "integrity": "sha512-0xnL0VgxSQXgLj3S33S0kdAvLrCHSCIZb9HVraEgEyKnf9wOcu0KZ9fI5xzx0e0y+ry/g2Vl3yw9j3dsn92Ffg==",
      "license": "LGPL-2.0 WITH WxWindows-exception-3.1"
    },
    "node_modules/undici-types": {
      "version": "5.26.5",
      "resolved": "https://registry.npmjs.org/undici-types/-/undici-types-5.26.5.tgz",
      "integrity": "sha512-JlCMO+ehdEIKqlFxk6IfVoAUVmgz7cU7zD/h9XZ0qzeosSHmUJVOzSQvvYSYWXkFXC+IfLKSIffhv0sVZup6pA==",
      "dev": true,
      "license": "MIT"
    }
  }
}
